// !$*UTF8*$!
{
	archiveVersion = 1;
	classes = {
	};
	objectVersion = 50;
	objects = {

/* Begin PBXBuildFile section */
		4DBF74202110ABC7002B39EF /* AppDelegate.swift in Sources */ = {isa = PBXBuildFile; fileRef = 4DBF741F2110ABC7002B39EF /* AppDelegate.swift */; };
		4DBF74222110ABC7002B39EF /* ViewController.swift in Sources */ = {isa = PBXBuildFile; fileRef = 4DBF74212110ABC7002B39EF /* ViewController.swift */; };
		4DBF74252110ABC7002B39EF /* Main.storyboard in Resources */ = {isa = PBXBuildFile; fileRef = 4DBF74232110ABC7002B39EF /* Main.storyboard */; };
		4DBF74282110ABC7002B39EF /* switches.xcdatamodeld in Sources */ = {isa = PBXBuildFile; fileRef = 4DBF74262110ABC7002B39EF /* switches.xcdatamodeld */; };
		4DBF742A2110ABC9002B39EF /* Assets.xcassets in Resources */ = {isa = PBXBuildFile; fileRef = 4DBF74292110ABC9002B39EF /* Assets.xcassets */; };
		4DBF742D2110ABC9002B39EF /* LaunchScreen.storyboard in Resources */ = {isa = PBXBuildFile; fileRef = 4DBF742B2110ABC9002B39EF /* LaunchScreen.storyboard */; };
/* End PBXBuildFile section */

/* Begin PBXFileReference section */
		4DBF741C2110ABC7002B39EF /* switches.app */ = {isa = PBXFileReference; explicitFileType = wrapper.application; includeInIndex = 0; path = switches.app; sourceTree = BUILT_PRODUCTS_DIR; };
		4DBF741F2110ABC7002B39EF /* AppDelegate.swift */ = {isa = PBXFileReference; lastKnownFileType = sourcecode.swift; path = AppDelegate.swift; sourceTree = "<group>"; };
		4DBF74212110ABC7002B39EF /* ViewController.swift */ = {isa = PBXFileReference; lastKnownFileType = sourcecode.swift; path = ViewController.swift; sourceTree = "<group>"; };
		4DBF74242110ABC7002B39EF /* Base */ = {isa = PBXFileReference; lastKnownFileType = file.storyboard; name = Base; path = Base.lproj/Main.storyboard; sourceTree = "<group>"; };
		4DBF74272110ABC7002B39EF /* switches.xcdatamodel */ = {isa = PBXFileReference; lastKnownFileType = wrapper.xcdatamodel; path = switches.xcdatamodel; sourceTree = "<group>"; };
		4DBF74292110ABC9002B39EF /* Assets.xcassets */ = {isa = PBXFileReference; lastKnownFileType = folder.assetcatalog; path = Assets.xcassets; sourceTree = "<group>"; };
		4DBF742C2110ABC9002B39EF /* Base */ = {isa = PBXFileReference; lastKnownFileType = file.storyboard; name = Base; path = Base.lproj/LaunchScreen.storyboard; sourceTree = "<group>"; };
		4DBF742E2110ABC9002B39EF /* Info.plist */ = {isa = PBXFileReference; lastKnownFileType = text.plist.xml; path = Info.plist; sourceTree = "<group>"; };
/* End PBXFileReference section */

/* Begin PBXFrameworksBuildPhase section */
		4DBF74192110ABC7002B39EF /* Frameworks */ = {
			isa = PBXFrameworksBuildPhase;
			buildActionMask = 2147483647;
			files = (
			);
			runOnlyForDeploymentPostprocessing = 0;
		};
/* End PBXFrameworksBuildPhase section */

/* Begin PBXGroup section */
		4DBF74132110ABC7002B39EF = {
			isa = PBXGroup;
			children = (
				4DBF741E2110ABC7002B39EF /* switches */,
				4DBF741D2110ABC7002B39EF /* Products */,
			);
			sourceTree = "<group>";
		};
		4DBF741D2110ABC7002B39EF /* Products */ = {
			isa = PBXGroup;
			children = (
				4DBF741C2110ABC7002B39EF /* switches.app */,
			);
			name = Products;
			sourceTree = "<group>";
		};
		4DBF741E2110ABC7002B39EF /* switches */ = {
			isa = PBXGroup;
			children = (
				4DBF741F2110ABC7002B39EF /* AppDelegate.swift */,
				4DBF74212110ABC7002B39EF /* ViewController.swift */,
				4DBF74232110ABC7002B39EF /* Main.storyboard */,
				4DBF74292110ABC9002B39EF /* Assets.xcassets */,
				4DBF742B2110ABC9002B39EF /* LaunchScreen.storyboard */,
				4DBF742E2110ABC9002B39EF /* Info.plist */,
				4DBF74262110ABC7002B39EF /* switches.xcdatamodeld */,
			);
			path = switches;
			sourceTree = "<group>";
		};
/* End PBXGroup section */

/* Begin PBXNativeTarget section */
		4DBF741B2110ABC7002B39EF /* switches */ = {
			isa = PBXNativeTarget;
			buildConfigurationList = 4DBF74312110ABC9002B39EF /* Build configuration list for PBXNativeTarget "switches" */;
			buildPhases = (
				4DBF74182110ABC7002B39EF /* Sources */,
				4DBF74192110ABC7002B39EF /* Frameworks */,
				4DBF741A2110ABC7002B39EF /* Resources */,
			);
			buildRules = (
			);
			dependencies = (
			);
			name = switches;
			productName = switches;
			productReference = 4DBF741C2110ABC7002B39EF /* switches.app */;
			productType = "com.apple.product-type.application";
		};
/* End PBXNativeTarget section */

/* Begin PBXProject section */
		4DBF74142110ABC7002B39EF /* Project object */ = {
			isa = PBXProject;
			attributes = {
				LastSwiftUpdateCheck = 0940;
				LastUpgradeCheck = 0940;
				ORGANIZATIONNAME = Spence;
				TargetAttributes = {
					4DBF741B2110ABC7002B39EF = {
						CreatedOnToolsVersion = 9.4.1;
					};
				};
			};
			buildConfigurationList = 4DBF74172110ABC7002B39EF /* Build configuration list for PBXProject "switches" */;
			compatibilityVersion = "Xcode 9.3";
			developmentRegion = en;
			hasScannedForEncodings = 0;
			knownRegions = (
				en,
				Base,
			);
			mainGroup = 4DBF74132110ABC7002B39EF;
			productRefGroup = 4DBF741D2110ABC7002B39EF /* Products */;
			projectDirPath = "";
			projectRoot = "";
			targets = (
				4DBF741B2110ABC7002B39EF /* switches */,
			);
		};
/* End PBXProject section */

/* Begin PBXResourcesBuildPhase section */
		4DBF741A2110ABC7002B39EF /* Resources */ = {
			isa = PBXResourcesBuildPhase;
			buildActionMask = 2147483647;
			files = (
				4DBF742D2110ABC9002B39EF /* LaunchScreen.storyboard in Resources */,
				4DBF742A2110ABC9002B39EF /* Assets.xcassets in Resources */,
				4DBF74252110ABC7002B39EF /* Main.storyboard in Resources */,
			);
			runOnlyForDeploymentPostprocessing = 0;
		};
/* End PBXResourcesBuildPhase section */

/* Begin PBXSourcesBuildPhase section */
		4DBF74182110ABC7002B39EF /* Sources */ = {
			isa = PBXSourcesBuildPhase;
			buildActionMask = 2147483647;
			files = (
				4DBF74222110ABC7002B39EF /* ViewController.swift in Sources */,
				4DBF74282110ABC7002B39EF /* switches.xcdatamodeld in Sources */,
				4DBF74202110ABC7002B39EF /* AppDelegate.swift in Sources */,
			);
			runOnlyForDeploymentPostprocessing = 0;
		};
/* End PBXSourcesBuildPhase section */

/* Begin PBXVariantGroup section */
		4DBF74232110ABC7002B39EF /* Main.storyboard */ = {
			isa = PBXVariantGroup;
			children = (
				4DBF74242110ABC7002B39EF /* Base */,
			);
			name = Main.storyboard;
			sourceTree = "<group>";
		};
		4DBF742B2110ABC9002B39EF /* LaunchScreen.storyboard */ = {
			isa = PBXVariantGroup;
			children = (
				4DBF742C2110ABC9002B39EF /* Base */,
			);
			name = LaunchScreen.storyboard;
			sourceTree = "<group>";
		};
/* End PBXVariantGroup section */

/* Begin XCBuildConfiguration section */
		4DBF742F2110ABC9002B39EF /* Debug */ = {
			isa = XCBuildConfiguration;
			buildSettings = {
				ALWAYS_SEARCH_USER_PATHS = NO;
				CLANG_ANALYZER_NONNULL = YES;
				CLANG_ANALYZER_NUMBER_OBJECT_CONVERSION = YES_AGGRESSIVE;
				CLANG_CXX_LANGUAGE_STANDARD = "gnu++14";
				CLANG_CXX_LIBRARY = "libc++";
				CLANG_ENABLE_MODULES = YES;
				CLANG_ENABLE_OBJC_ARC = YES;
				CLANG_ENABLE_OBJC_WEAK = YES;
				CLANG_WARN_BLOCK_CAPTURE_AUTORELEASING = YES;
				CLANG_WARN_BOOL_CONVERSION = YES;
				CLANG_WARN_COMMA = YES;
				CLANG_WARN_CONSTANT_CONVERSION = YES;
				CLANG_WARN_DEPRECATED_OBJC_IMPLEMENTATIONS = YES;
				CLANG_WARN_DIRECT_OBJC_ISA_USAGE = YES_ERROR;
				CLANG_WARN_DOCUMENTATION_COMMENTS = YES;
				CLANG_WARN_EMPTY_BODY = YES;
				CLANG_WARN_ENUM_CONVERSION = YES;
				CLANG_WARN_INFINITE_RECURSION = YES;
				CLANG_WARN_INT_CONVERSION = YES;
				CLANG_WARN_NON_LITERAL_NULL_CONVERSION = YES;
				CLANG_WARN_OBJC_IMPLICIT_RETAIN_SELF = YES;
				CLANG_WARN_OBJC_LITERAL_CONVERSION = YES;
				CLANG_WARN_OBJC_ROOT_CLASS = YES_ERROR;
				CLANG_WARN_RANGE_LOOP_ANALYSIS = YES;
				CLANG_WARN_STRICT_PROTOTYPES = YES;
				CLANG_WARN_SUSPICIOUS_MOVE = YES;
				CLANG_WARN_UNGUARDED_AVAILABILITY = YES_AGGRESSIVE;
				CLANG_WARN_UNREACHABLE_CODE = YES;
				CLANG_WARN__DUPLICATE_METHOD_MATCH = YES;
				CODE_SIGN_IDENTITY = "iPhone Developer";
				COPY_PHASE_STRIP = NO;
				DEBUG_INFORMATION_FORMAT = dwarf;
				ENABLE_STRICT_OBJC_MSGSEND = YES;
				ENABLE_TESTABILITY = YES;
				GCC_C_LANGUAGE_STANDARD = gnu11;
				GCC_DYNAMIC_NO_PIC = NO;
				GCC_NO_COMMON_BLOCKS = YES;
				GCC_OPTIMIZATION_LEVEL = 0;
				GCC_PREPROCESSOR_DEFINITIONS = (
					"DEBUG=1",
					"$(inherited)",
				);
				GCC_WARN_64_TO_32_BIT_CONVERSION = YES;
				GCC_WARN_ABOUT_RETURN_TYPE = YES_ERROR;
				GCC_WARN_UNDECLARED_SELECTOR = YES;
				GCC_WARN_UNINITIALIZED_AUTOS = YES_AGGRESSIVE;
				GCC_WARN_UNUSED_FUNCTION = YES;
				GCC_WARN_UNUSED_VARIABLE = YES;
				IPHONEOS_DEPLOYMENT_TARGET = 11.4;
				MTL_ENABLE_DEBUG_INFO = YES;
				ONLY_ACTIVE_ARCH = YES;
				SDKROOT = iphoneos;
				SWIFT_ACTIVE_COMPILATION_CONDITIONS = DEBUG;
				SWIFT_OPTIMIZATION_LEVEL = "-Onone";
			};
			name = Debug;
		};
		4DBF74302110ABC9002B39EF /* Release */ = {
			isa = XCBuildConfiguration;
			buildSettings = {
				ALWAYS_SEARCH_USER_PATHS = NO;
				CLANG_ANALYZER_NONNULL = YES;
				CLANG_ANALYZER_NUMBER_OBJECT_CONVERSION = YES_AGGRESSIVE;
				CLANG_CXX_LANGUAGE_STANDARD = "gnu++14";
				CLANG_CXX_LIBRARY = "libc++";
				CLANG_ENABLE_MODULES = YES;
				CLANG_ENABLE_OBJC_ARC = YES;
				CLANG_ENABLE_OBJC_WEAK = YES;
				CLANG_WARN_BLOCK_CAPTURE_AUTORELEASING = YES;
				CLANG_WARN_BOOL_CONVERSION = YES;
				CLANG_WARN_COMMA = YES;
				CLANG_WARN_CONSTANT_CONVERSION = YES;
				CLANG_WARN_DEPRECATED_OBJC_IMPLEMENTATIONS = YES;
				CLANG_WARN_DIRECT_OBJC_ISA_USAGE = YES_ERROR;
				CLANG_WARN_DOCUMENTATION_COMMENTS = YES;
				CLANG_WARN_EMPTY_BODY = YES;
				CLANG_WARN_ENUM_CONVERSION = YES;
				CLANG_WARN_INFINITE_RECURSION = YES;
				CLANG_WARN_INT_CONVERSION = YES;
				CLANG_WARN_NON_LITERAL_NULL_CONVERSION = YES;
				CLANG_WARN_OBJC_IMPLICIT_RETAIN_SELF = YES;
				CLANG_WARN_OBJC_LITERAL_CONVERSION = YES;
				CLANG_WARN_OBJC_ROOT_CLASS = YES_ERROR;
				CLANG_WARN_RANGE_LOOP_ANALYSIS = YES;
				CLANG_WARN_STRICT_PROTOTYPES = YES;
				CLANG_WARN_SUSPICIOUS_MOVE = YES;
				CLANG_WARN_UNGUARDED_AVAILABILITY = YES_AGGRESSIVE;
				CLANG_WARN_UNREACHABLE_CODE = YES;
				CLANG_WARN__DUPLICATE_METHOD_MATCH = YES;
				CODE_SIGN_IDENTITY = "iPhone Developer";
				COPY_PHASE_STRIP = NO;
				DEBUG_INFORMATION_FORMAT = "dwarf-with-dsym";
				ENABLE_NS_ASSERTIONS = NO;
				ENABLE_STRICT_OBJC_MSGSEND = YES;
				GCC_C_LANGUAGE_STANDARD = gnu11;
				GCC_NO_COMMON_BLOCKS = YES;
				GCC_WARN_64_TO_32_BIT_CONVERSION = YES;
				GCC_WARN_ABOUT_RETURN_TYPE = YES_ERROR;
				GCC_WARN_UNDECLARED_SELECTOR = YES;
				GCC_WARN_UNINITIALIZED_AUTOS = YES_AGGRESSIVE;
				GCC_WARN_UNUSED_FUNCTION = YES;
				GCC_WARN_UNUSED_VARIABLE = YES;
				IPHONEOS_DEPLOYMENT_TARGET = 11.4;
				MTL_ENABLE_DEBUG_INFO = NO;
				SDKROOT = iphoneos;
				SWIFT_COMPILATION_MODE = wholemodule;
				SWIFT_OPTIMIZATION_LEVEL = "-O";
				VALIDATE_PRODUCT = YES;
			};
			name = Release;
		};
		4DBF74322110ABC9002B39EF /* Debug */ = {
			isa = XCBuildConfiguration;
			buildSettings = {
				ASSETCATALOG_COMPILER_APPICON_NAME = AppIcon;
				CODE_SIGN_STYLE = Automatic;
				DEVELOPMENT_TEAM = D3AA43U5QA;
				INFOPLIST_FILE = switches/Info.plist;
				LD_RUNPATH_SEARCH_PATHS = (
					"$(inherited)",
					"@executable_path/Frameworks",
				);
				PRODUCT_BUNDLE_IDENTIFIER = dara.switches;
				PRODUCT_NAME = "$(TARGET_NAME)";
				SWIFT_VERSION = 4.0;
				TARGETED_DEVICE_FAMILY = "1,2";
			};
			name = Debug;
		};
		4DBF74332110ABC9002B39EF /* Release */ = {
			isa = XCBuildConfiguration;
			buildSettings = {
				ASSETCATALOG_COMPILER_APPICON_NAME = AppIcon;
				CODE_SIGN_STYLE = Automatic;
				DEVELOPMENT_TEAM = D3AA43U5QA;
				INFOPLIST_FILE = switches/Info.plist;
				LD_RUNPATH_SEARCH_PATHS = (
					"$(inherited)",
					"@executable_path/Frameworks",
				);
				PRODUCT_BUNDLE_IDENTIFIER = dara.switches;
				PRODUCT_NAME = "$(TARGET_NAME)";
				SWIFT_VERSION = 4.0;
				TARGETED_DEVICE_FAMILY = "1,2";
			};
			name = Release;
		};
/* End XCBuildConfiguration section */

/* Begin XCConfigurationList section */
		4DBF74172110ABC7002B39EF /* Build configuration list for PBXProject "switches" */ = {
			isa = XCConfigurationList;
			buildConfigurations = (
				4DBF742F2110ABC9002B39EF /* Debug */,
				4DBF74302110ABC9002B39EF /* Release */,
			);
			defaultConfigurationIsVisible = 0;
			defaultConfigurationName = Release;
		};
		4DBF74312110ABC9002B39EF /* Build configuration list for PBXNativeTarget "switches" */ = {
			isa = XCConfigurationList;
			buildConfigurations = (
				4DBF74322110ABC9002B39EF /* Debug */,
				4DBF74332110ABC9002B39EF /* Release */,
			);
			defaultConfigurationIsVisible = 0;
			defaultConfigurationName = Release;
		};
/* End XCConfigurationList section */

/* Begin XCVersionGroup section */
		4DBF74262110ABC7002B39EF /* switches.xcdatamodeld */ = {
			isa = XCVersionGroup;
			children = (
				4DBF74272110ABC7002B39EF /* switches.xcdatamodel */,
			);
			currentVersion = 4DBF74272110ABC7002B39EF /* switches.xcdatamodel */;
			path = switches.xcdatamodeld;
			sourceTree = "<group>";
			versionGroupType = wrapper.xcdatamodel;
		};
/* End XCVersionGroup section */
	};
	rootObject = 4DBF74142110ABC7002B39EF /* Project object */;
}
